
Microsoft Visual Studio Solution File, Format Version 11.00
# Visual Studio 2010
Project("{FAE04EC0-301F-11D3-BF4B-00C04F79EFBC}") = "Assembly-CSharp", "Assembly-CSharp.csproj", "{3CF726E4-1116-A50E-E86D-C1896FED537E}"
EndProject
Global
	GlobalSection(SolutionConfigurationPlatforms) = preSolution
		Debug|Any CPU = Debug|Any CPU
		Release|Any CPU = Release|Any CPU
	EndGlobalSection
	GlobalSection(ProjectConfigurationPlatforms) = postSolution
		{3CF726E4-1116-A50E-E86D-C1896FED537E}.Debug|Any CPU.ActiveCfg = Debug|Any CPU
		{3CF726E4-1116-A50E-E86D-C1896FED537E}.Debug|Any CPU.Build.0 = Debug|Any CPU
		{3CF726E4-1116-A50E-E86D-C1896FED537E}.Release|Any CPU.ActiveCfg = Release|Any CPU
		{3CF726E4-1116-A50E-E86D-C1896FED537E}.Release|Any CPU.Build.0 = Release|Any CPU
	EndGlobalSection
	GlobalSection(SolutionProperties) = preSolution
		HideSolutionNode = FALSE
	EndGlobalSection
EndGlobal
